// !$*UTF8*$!
{
	archiveVersion = 1;
	classes = {
	};
	objectVersion = 56;
	objects = {

/* Begin PBXBuildFile section */
		AA1000012C88000100000001 /* TubeLiteTVApp.swift in Sources */ = {isa = PBXBuildFile; fileRef = AA1000022C88000100000001 /* TubeLiteTVApp.swift */; };
		AA1000032C88000100000001 /* VideoItem.swift in Sources */ = {isa = PBXBuildFile; fileRef = AA1000042C88000100000001 /* VideoItem.swift */; };
		AA1000052C88000100000001 /* TubeLiteGatewayClient.swift in Sources */ = {isa = PBXBuildFile; fileRef = AA1000062C88000100000001 /* TubeLiteGatewayClient.swift */; };
		AA1000072C88000100000001 /* MainView.swift in Sources */ = {isa = PBXBuildFile; fileRef = AA1000082C88000100000001 /* MainView.swift */; };
		AA10000B2C88000100000001 /* VideoCardView.swift in Sources */ = {isa = PBXBuildFile; fileRef = AA10000C2C88000100000001 /* VideoCardView.swift */; };
		AA10000D2C88000100000001 /* PlayerView.swift in Sources */ = {isa = PBXBuildFile; fileRef = AA10000E2C88000100000001 /* PlayerView.swift */; };
		AA1000222C88000100000001 /* DeviceAuthService.swift in Sources */ = {isa = PBXBuildFile; fileRef = AA1000232C88000100000001 /* DeviceAuthService.swift */; };
		AA1000242C88000100000001 /* AccountTabView.swift in Sources */ = {isa = PBXBuildFile; fileRef = AA1000252C88000100000001 /* AccountTabView.swift */; };
		AA1000282C88000100000001 /* WatchView.swift in Sources */ = {isa = PBXBuildFile; fileRef = AA1000292C88000100000001 /* WatchView.swift */; };
		AA10002A2C88000100000001 /* TubeLiteResourceLoader.swift in Sources */ = {isa = PBXBuildFile; fileRef = AA10002B2C88000100000001 /* TubeLiteResourceLoader.swift */; };
		AA1000392C88000100000001 /* TubeLiteHLSBuilder.swift in Sources */ = {isa = PBXBuildFile; fileRef = AA1000382C88000100000001 /* TubeLiteHLSBuilder.swift */; };
		AA1000362C88000100000001 /* PlaybackPreloadCache.swift in Sources */ = {isa = PBXBuildFile; fileRef = AA1000372C88000100000001 /* PlaybackPreloadCache.swift */; };
		AA10002E2C88000100000001 /* Theme.swift in Sources */ = {isa = PBXBuildFile; fileRef = AA10002F2C88000100000001 /* Theme.swift */; };
		AA1000302C88000100000001 /* RemoteImage.swift in Sources */ = {isa = PBXBuildFile; fileRef = AA1000312C88000100000001 /* RemoteImage.swift */; };
		AA1000322C88000100000001 /* Assets.xcassets in Resources */ = {isa = PBXBuildFile; fileRef = AA1000332C88000100000001 /* Assets.xcassets */; };
/* End PBXBuildFile section */

/* Begin PBXFileReference section */
		AA1000002C88000100000001 /* TubeLiteTV.app */ = {isa = PBXFileReference; explicitFileType = wrapper.application; includeInIndex = 0; path = TubeLiteTV.app; sourceTree = BUILT_PRODUCTS_DIR; };
		AA1000022C88000100000001 /* TubeLiteTVApp.swift */ = {isa = PBXFileReference; lastKnownFileType = sourcecode.swift; path = TubeLiteTVApp.swift; sourceTree = "<group>"; };
		AA1000042C88000100000001 /* VideoItem.swift */ = {isa = PBXFileReference; lastKnownFileType = sourcecode.swift; path = VideoItem.swift; sourceTree = "<group>"; };
		AA1000062C88000100000001 /* TubeLiteGatewayClient.swift */ = {isa = PBXFileReference; lastKnownFileType = sourcecode.swift; path = TubeLiteGatewayClient.swift; sourceTree = "<group>"; };
		AA1000082C88000100000001 /* MainView.swift */ = {isa = PBXFileReference; lastKnownFileType = sourcecode.swift; path = MainView.swift; sourceTree = "<group>"; };
		AA10000C2C88000100000001 /* VideoCardView.swift */ = {isa = PBXFileReference; lastKnownFileType = sourcecode.swift; path = VideoCardView.swift; sourceTree = "<group>"; };
		AA10000E2C88000100000001 /* PlayerView.swift */ = {isa = PBXFileReference; lastKnownFileType = sourcecode.swift; path = PlayerView.swift; sourceTree = "<group>"; };
		AA1000102C88000100000001 /* Info.plist */ = {isa = PBXFileReference; lastKnownFileType = text.plist.xml; path = Info.plist; sourceTree = "<group>"; };
		AA1000232C88000100000001 /* DeviceAuthService.swift */ = {isa = PBXFileReference; lastKnownFileType = sourcecode.swift; path = DeviceAuthService.swift; sourceTree = "<group>"; };
		AA1000252C88000100000001 /* AccountTabView.swift */ = {isa = PBXFileReference; lastKnownFileType = sourcecode.swift; path = AccountTabView.swift; sourceTree = "<group>"; };
		AA1000292C88000100000001 /* WatchView.swift */ = {isa = PBXFileReference; lastKnownFileType = sourcecode.swift; path = WatchView.swift; sourceTree = "<group>"; };
		AA10002B2C88000100000001 /* TubeLiteResourceLoader.swift */ = {isa = PBXFileReference; lastKnownFileType = sourcecode.swift; path = TubeLiteResourceLoader.swift; sourceTree = "<group>"; };
		AA1000382C88000100000001 /* TubeLiteHLSBuilder.swift */ = {isa = PBXFileReference; lastKnownFileType = sourcecode.swift; path = TubeLiteHLSBuilder.swift; sourceTree = "<group>"; };
		AA1000372C88000100000001 /* PlaybackPreloadCache.swift */ = {isa = PBXFileReference; lastKnownFileType = sourcecode.swift; path = PlaybackPreloadCache.swift; sourceTree = "<group>"; };
		AA10002F2C88000100000001 /* Theme.swift */ = {isa = PBXFileReference; lastKnownFileType = sourcecode.swift; path = Theme.swift; sourceTree = "<group>"; };
		AA1000312C88000100000001 /* RemoteImage.swift */ = {isa = PBXFileReference; lastKnownFileType = sourcecode.swift; path = RemoteImage.swift; sourceTree = "<group>"; };
		AA1000332C88000100000001 /* Assets.xcassets */ = {isa = PBXFileReference; lastKnownFileType = folder.assetcatalog; path = Assets.xcassets; sourceTree = "<group>"; };
/* End PBXFileReference section */

/* Begin PBXFrameworksBuildPhase section */
		AA1000112C88000100000001 /* Frameworks */ = {
			isa = PBXFrameworksBuildPhase;
			buildActionMask = 2147483647;
			files = (
			);
			runOnlyForDeploymentPostprocessing = 0;
		};
/* End PBXFrameworksBuildPhase section */

/* Begin PBXGroup section */
		AA1000122C88000100000001 = {
			isa = PBXGroup;
			children = (
				AA1000132C88000100000001 /* TubeLiteTV */,
				AA1000142C88000100000001 /* Products */,
			);
			sourceTree = "<group>";
		};
		AA1000132C88000100000001 /* TubeLiteTV */ = {
			isa = PBXGroup;
			children = (
				AA1000022C88000100000001 /* TubeLiteTVApp.swift */,
				AA1000152C88000100000001 /* Models */,
				AA1000162C88000100000001 /* Services */,
				AA1000172C88000100000001 /* Views */,
				AA1000332C88000100000001 /* Assets.xcassets */,
				AA1000102C88000100000001 /* Info.plist */,
			);
			path = TubeLiteTV;
			sourceTree = "<group>";
		};
		AA1000142C88000100000001 /* Products */ = {
			isa = PBXGroup;
			children = (
				AA1000002C88000100000001 /* TubeLiteTV.app */,
			);
			name = Products;
			sourceTree = "<group>";
		};
		AA1000152C88000100000001 /* Models */ = {
			isa = PBXGroup;
			children = (
				AA1000042C88000100000001 /* VideoItem.swift */,
			);
			path = Models;
			sourceTree = "<group>";
		};
		AA1000162C88000100000001 /* Services */ = {
			isa = PBXGroup;
			children = (
				AA1000062C88000100000001 /* TubeLiteGatewayClient.swift */,
				AA1000382C88000100000001 /* TubeLiteHLSBuilder.swift */,
				AA10002B2C88000100000001 /* TubeLiteResourceLoader.swift */,
				AA1000372C88000100000001 /* PlaybackPreloadCache.swift */,
				AA1000232C88000100000001 /* DeviceAuthService.swift */,
			);
			path = Services;
			sourceTree = "<group>";
		};
		AA1000172C88000100000001 /* Views */ = {
			isa = PBXGroup;
			children = (
				AA10002F2C88000100000001 /* Theme.swift */,
				AA1000312C88000100000001 /* RemoteImage.swift */,
				AA1000082C88000100000001 /* MainView.swift */,
				AA10000C2C88000100000001 /* VideoCardView.swift */,
				AA10000E2C88000100000001 /* PlayerView.swift */,
				AA1000292C88000100000001 /* WatchView.swift */,
				AA1000252C88000100000001 /* AccountTabView.swift */,
			);
			path = Views;
			sourceTree = "<group>";
		};
/* End PBXGroup section */

/* Begin PBXNativeTarget section */
		AA1000182C88000100000001 /* TubeLiteTV */ = {
			isa = PBXNativeTarget;
			buildConfigurationList = AA1000192C88000100000001 /* Build configuration list for PBXNativeTarget "TubeLiteTV" */;
			buildPhases = (
				AA10001A2C88000100000001 /* Sources */,
				AA1000112C88000100000001 /* Frameworks */,
				AA10001B2C88000100000001 /* Resources */,
			);
			buildRules = (
			);
			dependencies = (
			);
			name = TubeLiteTV;
			productName = TubeLiteTV;
			productReference = AA1000002C88000100000001 /* TubeLiteTV.app */;
			productType = "com.apple.product-type.application";
		};
/* End PBXNativeTarget section */

/* Begin PBXProject section */
		AA10001C2C88000100000001 /* Project object */ = {
			isa = PBXProject;
			attributes = {
				BuildIndependentTargetsInParallel = 1;
				LastSwiftUpdateCheck = 1500;
				LastUpgradeCheck = 1500;
				TargetAttributes = {
					AA1000182C88000100000001 = {
						CreatedOnToolsVersion = 15.0;
					};
				};
			};
			buildConfigurationList = AA10001D2C88000100000001 /* Build configuration list for PBXProject "TubeLiteTV" */;
			compatibilityVersion = "Xcode 14.0";
			developmentRegion = en;
			hasScannedForEncodings = 0;
			knownRegions = (
				en,
				Base,
			);
			mainGroup = AA1000122C88000100000001;
			productRefGroup = AA1000142C88000100000001 /* Products */;
			projectDirPath = "";
			projectRoot = "";
			targets = (
				AA1000182C88000100000001 /* TubeLiteTV */,
			);
		};
/* End PBXProject section */

/* Begin PBXResourcesBuildPhase section */
		AA10001B2C88000100000001 /* Resources */ = {
			isa = PBXResourcesBuildPhase;
			buildActionMask = 2147483647;
			files = (
				AA1000322C88000100000001 /* Assets.xcassets in Resources */,
			);
			runOnlyForDeploymentPostprocessing = 0;
		};
/* End PBXResourcesBuildPhase section */

/* Begin PBXSourcesBuildPhase section */
		AA10001A2C88000100000001 /* Sources */ = {
			isa = PBXSourcesBuildPhase;
			buildActionMask = 2147483647;
			files = (
				AA1000012C88000100000001 /* TubeLiteTVApp.swift in Sources */,
				AA1000032C88000100000001 /* VideoItem.swift in Sources */,
				AA1000052C88000100000001 /* TubeLiteGatewayClient.swift in Sources */,
				AA1000392C88000100000001 /* TubeLiteHLSBuilder.swift in Sources */,
				AA10002A2C88000100000001 /* TubeLiteResourceLoader.swift in Sources */,
				AA1000362C88000100000001 /* PlaybackPreloadCache.swift in Sources */,
				AA10002E2C88000100000001 /* Theme.swift in Sources */,
				AA1000302C88000100000001 /* RemoteImage.swift in Sources */,
				AA1000222C88000100000001 /* DeviceAuthService.swift in Sources */,
				AA1000072C88000100000001 /* MainView.swift in Sources */,
				AA10000B2C88000100000001 /* VideoCardView.swift in Sources */,
				AA10000D2C88000100000001 /* PlayerView.swift in Sources */,
				AA1000282C88000100000001 /* WatchView.swift in Sources */,
				AA1000242C88000100000001 /* AccountTabView.swift in Sources */,
			);
			runOnlyForDeploymentPostprocessing = 0;
		};
/* End PBXSourcesBuildPhase section */

/* Begin XCBuildConfiguration section */
		AA10001E2C88000100000001 /* Debug */ = {
			isa = XCBuildConfiguration;
			buildSettings = {
				ALWAYS_SEARCH_USER_PATHS = NO;
				CLANG_ANALYZER_NONNULL = YES;
				CLANG_CXX_LANGUAGE_STANDARD = "gnu++20";
				CLANG_ENABLE_MODULES = YES;
				CLANG_ENABLE_OBJC_ARC = YES;
				COPY_PHASE_STRIP = NO;
				DEBUG_INFORMATION_FORMAT = dwarf;
				ENABLE_STRICT_OBJC_MSGSEND = YES;
				ENABLE_TESTABILITY = YES;
				GCC_DYNAMIC_NO_PIC = NO;
				GCC_NO_COMMON_BLOCKS = YES;
				GCC_OPTIMIZATION_LEVEL = 0;
				GCC_PREPROCESSOR_DEFINITIONS = (
					"DEBUG=1",
					"$(inherited)",
				);
				MTL_ENABLE_DEBUG_INFO = INCLUDE_SOURCE;
				MTL_FAST_MATH = YES;
				ONLY_ACTIVE_ARCH = YES;
				SDKROOT = appletvos;
				SWIFT_ACTIVE_COMPILATION_CONDITIONS = "DEBUG $(inherited)";
				SWIFT_OPTIMIZATION_LEVEL = "-Onone";
				TVOS_DEPLOYMENT_TARGET = 17.0;
			};
			name = Debug;
		};
		AA10001F2C88000100000001 /* Release */ = {
			isa = XCBuildConfiguration;
			buildSettings = {
				ALWAYS_SEARCH_USER_PATHS = NO;
				CLANG_ANALYZER_NONNULL = YES;
				CLANG_CXX_LANGUAGE_STANDARD = "gnu++20";
				CLANG_ENABLE_MODULES = YES;
				CLANG_ENABLE_OBJC_ARC = YES;
				COPY_PHASE_STRIP = NO;
				DEBUG_INFORMATION_FORMAT = "dwarf-with-dsym";
				ENABLE_NS_ASSERTIONS = NO;
				ENABLE_STRICT_OBJC_MSGSEND = YES;
				GCC_NO_COMMON_BLOCKS = YES;
				MTL_ENABLE_DEBUG_INFO = NO;
				MTL_FAST_MATH = YES;
				SDKROOT = appletvos;
				SWIFT_COMPILATION_MODE = wholemodule;
				SWIFT_OPTIMIZATION_LEVEL = "-O";
				TVOS_DEPLOYMENT_TARGET = 17.0;
			};
			name = Release;
		};
		AA1000202C88000100000001 /* Debug */ = {
			isa = XCBuildConfiguration;
			buildSettings = {
				ASSETCATALOG_COMPILER_APPICON_NAME = AppIcon;
				CODE_SIGN_STYLE = Automatic;
				CURRENT_PROJECT_VERSION = 1;
				DEVELOPMENT_TEAM = 3C7365S85D;
				ENABLE_PREVIEWS = YES;
				GENERATE_INFOPLIST_FILE = NO;
				INFOPLIST_FILE = TubeLiteTV/Info.plist;
				LD_RUNPATH_SEARCH_PATHS = (
					"$(inherited)",
					"@executable_path/Frameworks",
				);
				MARKETING_VERSION = 1.0.0;
				PRODUCT_BUNDLE_IDENTIFIER = com.tubelite.tv;
				PRODUCT_NAME = "$(TARGET_NAME)";
				SWIFT_EMIT_LOC_STRINGS = YES;
				SWIFT_VERSION = 5.0;
				TARGETED_DEVICE_FAMILY = 3;
			};
			name = Debug;
		};
		AA1000212C88000100000001 /* Release */ = {
			isa = XCBuildConfiguration;
			buildSettings = {
				ASSETCATALOG_COMPILER_APPICON_NAME = AppIcon;
				CODE_SIGN_STYLE = Automatic;
				CURRENT_PROJECT_VERSION = 1;
				DEVELOPMENT_TEAM = 3C7365S85D;
				ENABLE_PREVIEWS = YES;
				GENERATE_INFOPLIST_FILE = NO;
				INFOPLIST_FILE = TubeLiteTV/Info.plist;
				LD_RUNPATH_SEARCH_PATHS = (
					"$(inherited)",
					"@executable_path/Frameworks",
				);
				MARKETING_VERSION = 1.0.0;
				PRODUCT_BUNDLE_IDENTIFIER = com.tubelite.tv;
				PRODUCT_NAME = "$(TARGET_NAME)";
				SWIFT_EMIT_LOC_STRINGS = YES;
				SWIFT_VERSION = 5.0;
				TARGETED_DEVICE_FAMILY = 3;
			};
			name = Release;
		};
/* End XCBuildConfiguration section */

/* Begin XCConfigurationList section */
		AA1000192C88000100000001 /* Build configuration list for PBXNativeTarget "TubeLiteTV" */ = {
			isa = XCConfigurationList;
			buildConfigurations = (
				AA1000202C88000100000001 /* Debug */,
				AA1000212C88000100000001 /* Release */,
			);
			defaultConfigurationIsVisible = 0;
			defaultConfigurationName = Release;
		};
		AA10001D2C88000100000001 /* Build configuration list for PBXProject "TubeLiteTV" */ = {
			isa = XCConfigurationList;
			buildConfigurations = (
				AA10001E2C88000100000001 /* Debug */,
				AA10001F2C88000100000001 /* Release */,
			);
			defaultConfigurationIsVisible = 0;
			defaultConfigurationName = Release;
		};
/* End XCConfigurationList section */
	};
	rootObject = AA10001C2C88000100000001 /* Project object */;
}
